
Microsoft Visual Studio Solution File, Format Version 12.00
# Visual Studio Version 17
VisualStudioVersion = 17.1.32120.378
MinimumVisualStudioVersion = 10.0.40219.1
Project("{9A19103F-16F7-4668-BE54-9A1E7A4F7556}") = "ElementPeriodTable", "ElementPeriodTable.csproj", "{4FFB2329-961B-4028-B70A-30CD453AAF12}"
EndProject
Global
	GlobalSection(SolutionConfigurationPlatforms) = preSolution
		Debug|Any CPU = Debug|Any CPU
		Release|Any CPU = Release|Any CPU
	EndGlobalSection
	GlobalSection(ProjectConfigurationPlatforms) = postSolution
		{4FFB2329-961B-4028-B70A-30CD453AAF12}.Debug|Any CPU.ActiveCfg = Debug|Any CPU
		{4FFB2329-961B-4028-B70A-30CD453AAF12}.Debug|Any CPU.Build.0 = Debug|Any CPU
		{4FFB2329-961B-4028-B70A-30CD453AAF12}.Release|Any CPU.ActiveCfg = Release|Any CPU
		{4FFB2329-961B-4028-B70A-30CD453AAF12}.Release|Any CPU.Build.0 = Release|Any CPU
	EndGlobalSection
	GlobalSection(SolutionProperties) = preSolution
		HideSolutionNode = FALSE
	EndGlobalSection
	GlobalSection(ExtensibilityGlobals) = postSolution
		SolutionGuid = {DC3423B4-2FFF-45AB-81D4-A8DC2AF7FBC6}
	EndGlobalSection
EndGlobal
